
Microsoft Visual Studio Solution File, Format Version 11.00
# Visual Studio 2010
Project("{2857B73E-F847-4B02-9238-064979017E93}") = "slam", "slam.cproj", "{4F799135-6E26-4106-950A-BE33630295A5}"
EndProject
Global
	GlobalSection(SolutionConfigurationPlatforms) = preSolution
		Debug|Any CPU = Debug|Any CPU
		Release|Any CPU = Release|Any CPU
	EndGlobalSection
	GlobalSection(ProjectConfigurationPlatforms) = postSolution
		{4F799135-6E26-4106-950A-BE33630295A5}.Debug|Any CPU.ActiveCfg = Debug|Any CPU
		{4F799135-6E26-4106-950A-BE33630295A5}.Debug|Any CPU.Build.0 = Debug|Any CPU
		{4F799135-6E26-4106-950A-BE33630295A5}.Release|Any CPU.ActiveCfg = Release|Any CPU
		{4F799135-6E26-4106-950A-BE33630295A5}.Release|Any CPU.Build.0 = Release|Any CPU
	EndGlobalSection
	GlobalSection(MonoDevelopProperties) = preSolution
		StartupItem = slam.cproj
	EndGlobalSection
EndGlobal
